{
    "hash": "44a4674a153d14d112b4a57aaacb8f4a",
    "packages": [
        {
            "package": "stubbles/scripts",
            "version": "dev-master",
            "source-reference": "b4e82543651310b7f7c0aae63b0fd5da12a85e79"
        }
    ],
    "packages-dev": [
        {
            "package": "mikey179/vfsStream",
            "version": "v1.0.0-beta5"
        }
    ],
    "aliases": [

    ]
}
