{
    "hash": "84773e99c5ac1c01bd7ce664d219a4dc",
    "packages": [
        {
            "package": "stubbles/scripts",
            "version": "dev-master",
            "source-reference": "59e3678b6e8a4538c655d3bf3232eca850a68d44"
        }
    ],
    "packages-dev": [
        {
            "package": "mikey179/vfsStream",
            "version": "1.0.0-beta4"
        }
    ],
    "aliases": []
}
